
Microsoft Visual Studio Solution File, Format Version 12.00
# Visual Studio 14
VisualStudioVersion = 14.0.25420.1
MinimumVisualStudioVersion = 10.0.40219.1
Project("{2150E333-8FDC-42A3-9474-1A3956D46DE8}") = "src", "src", "{3CDA7C20-21BC-4A72-8441-9DFEB1BF4AA2}"
EndProject
Project("{FAE04EC0-301F-11D3-BF4B-00C04F79EFBC}") = "Domain", "Domain\Domain.csproj", "{458A3C0A-FE97-489A-9F04-A506B32B7151}"
EndProject
Project("{FAE04EC0-301F-11D3-BF4B-00C04F79EFBC}") = "Application", "Application\Application.csproj", "{FE6D88EA-3ED1-4CAC-B05F-AF6479D315AF}"
EndProject
Project("{FAE04EC0-301F-11D3-BF4B-00C04F79EFBC}") = "WebAPI", "WebAPI\WebAPI.csproj", "{DB5ED008-6CE4-436B-8CE4-75783D99FCD3}"
EndProject
Global
	GlobalSection(SolutionConfigurationPlatforms) = preSolution
		Debug|Any CPU = Debug|Any CPU
		Release|Any CPU = Release|Any CPU
	EndGlobalSection
	GlobalSection(ProjectConfigurationPlatforms) = postSolution
		{458A3C0A-FE97-489A-9F04-A506B32B7151}.Debug|Any CPU.ActiveCfg = Debug|Any CPU
		{458A3C0A-FE97-489A-9F04-A506B32B7151}.Debug|Any CPU.Build.0 = Debug|Any CPU
		{458A3C0A-FE97-489A-9F04-A506B32B7151}.Release|Any CPU.ActiveCfg = Release|Any CPU
		{458A3C0A-FE97-489A-9F04-A506B32B7151}.Release|Any CPU.Build.0 = Release|Any CPU
		{FE6D88EA-3ED1-4CAC-B05F-AF6479D315AF}.Debug|Any CPU.ActiveCfg = Debug|Any CPU
		{FE6D88EA-3ED1-4CAC-B05F-AF6479D315AF}.Debug|Any CPU.Build.0 = Debug|Any CPU
		{FE6D88EA-3ED1-4CAC-B05F-AF6479D315AF}.Release|Any CPU.ActiveCfg = Release|Any CPU
		{FE6D88EA-3ED1-4CAC-B05F-AF6479D315AF}.Release|Any CPU.Build.0 = Release|Any CPU
		{DB5ED008-6CE4-436B-8CE4-75783D99FCD3}.Debug|Any CPU.ActiveCfg = Debug|Any CPU
		{DB5ED008-6CE4-436B-8CE4-75783D99FCD3}.Debug|Any CPU.Build.0 = Debug|Any CPU
		{DB5ED008-6CE4-436B-8CE4-75783D99FCD3}.Release|Any CPU.ActiveCfg = Release|Any CPU
		{DB5ED008-6CE4-436B-8CE4-75783D99FCD3}.Release|Any CPU.Build.0 = Release|Any CPU
	EndGlobalSection
	GlobalSection(SolutionProperties) = preSolution
		HideSolutionNode = FALSE
	EndGlobalSection
	GlobalSection(NestedProjects) = preSolution
		{458A3C0A-FE97-489A-9F04-A506B32B7151} = {3CDA7C20-21BC-4A72-8441-9DFEB1BF4AA2}
		{FE6D88EA-3ED1-4CAC-B05F-AF6479D315AF} = {3CDA7C20-21BC-4A72-8441-9DFEB1BF4AA2}
		{DB5ED008-6CE4-436B-8CE4-75783D99FCD3} = {3CDA7C20-21BC-4A72-8441-9DFEB1BF4AA2}
	EndGlobalSection
EndGlobal
